
Microsoft Visual Studio Solution File, Format Version 12.00
# Visual Studio Version 17
VisualStudioVersion = 17.2.32616.157
MinimumVisualStudioVersion = 10.0.40219.1
Project("{9A19103F-16F7-4668-BE54-9A1E7A4F7556}") = "AlbumJETCodeGenerator", "AlbumJETCodeGenerator\AlbumJETCodeGenerator.csproj", "{744008C3-FF43-4FE8-ABFD-F4AC29B738B0}"
EndProject
Global
	GlobalSection(SolutionConfigurationPlatforms) = preSolution
		Debug|Any CPU = Debug|Any CPU
		Release|Any CPU = Release|Any CPU
	EndGlobalSection
	GlobalSection(ProjectConfigurationPlatforms) = postSolution
		{744008C3-FF43-4FE8-ABFD-F4AC29B738B0}.Debug|Any CPU.ActiveCfg = Debug|Any CPU
		{744008C3-FF43-4FE8-ABFD-F4AC29B738B0}.Debug|Any CPU.Build.0 = Debug|Any CPU
		{744008C3-FF43-4FE8-ABFD-F4AC29B738B0}.Release|Any CPU.ActiveCfg = Release|Any CPU
		{744008C3-FF43-4FE8-ABFD-F4AC29B738B0}.Release|Any CPU.Build.0 = Release|Any CPU
	EndGlobalSection
	GlobalSection(SolutionProperties) = preSolution
		HideSolutionNode = FALSE
	EndGlobalSection
	GlobalSection(ExtensibilityGlobals) = postSolution
		SolutionGuid = {638F90BA-3D38-41F2-A622-C12AC987D80A}
	EndGlobalSection
EndGlobal
